# This file is automatically @generated by Cargo.
# It is not intended for manual editing.
version = 4

[[package]]
name = "base64"
version = "0.22.1"
source = "registry+https://github.com/rust-lang/crates.io-index"
checksum = "72b3254f16251a8381aa12e40e3c4d2f0199f8c6508fbecb9d91f575e0fbb8c6"

[[package]]
name = "cfg-if"
version = "1.0.4"
source = "registry+https://github.com/rust-lang/crates.io-index"
checksum = "9330f8b2ff13f34540b44e946ef35111825727b38d33286ef986142615121801"

[[package]]
name = "encoding_rs"
version = "0.8.35"
source = "registry+https://github.com/rust-lang/crates.io-index"
checksum = "75030f3c4f45dafd7586dd6780965a8c7e8e285a5ecb86713e63a79c5b2766f3"
dependencies = [
 "cfg-if",
]

[[package]]
name = "quoted_printable"
version = "0.5.2"
source = "registry+https://github.com/rust-lang/crates.io-index"
checksum = "478e0585659a122aa407eb7e3c0e1fa51b1d8a870038bd29f0cf4a8551eea972"

[[package]]
name = "vcard-rs"
version = "0.0.1"
dependencies = [
 "base64",
 "encoding_rs",
 "quoted_printable",
]
